
Microsoft Visual Studio Solution File, Format Version 12.00
# Visual Studio 2012
Project("{FAE04EC0-301F-11D3-BF4B-00C04F79EFBC}") = "TennisKata", "TennisKata\TennisKata.csproj", "{042D3387-7B24-4BC0-BA66-A098879B8D3F}"
EndProject
Project("{FAE04EC0-301F-11D3-BF4B-00C04F79EFBC}") = "TennisKataTest", "TennisKataTest\TennisKataTest.csproj", "{382639B7-AA15-4667-9986-A8E0F36F68B6}"
EndProject
Project("{FAE04EC0-301F-11D3-BF4B-00C04F79EFBC}") = "TennisKataLauncher", "TennisKataLauncher\TennisKataLauncher.csproj", "{0EE42885-AC4C-474A-85E3-E5E560EECEFD}"
EndProject
Global
	GlobalSection(SolutionConfigurationPlatforms) = preSolution
		Debug|Any CPU = Debug|Any CPU
		Release|Any CPU = Release|Any CPU
	EndGlobalSection
	GlobalSection(ProjectConfigurationPlatforms) = postSolution
		{042D3387-7B24-4BC0-BA66-A098879B8D3F}.Debug|Any CPU.ActiveCfg = Debug|Any CPU
		{042D3387-7B24-4BC0-BA66-A098879B8D3F}.Debug|Any CPU.Build.0 = Debug|Any CPU
		{042D3387-7B24-4BC0-BA66-A098879B8D3F}.Release|Any CPU.ActiveCfg = Release|Any CPU
		{042D3387-7B24-4BC0-BA66-A098879B8D3F}.Release|Any CPU.Build.0 = Release|Any CPU
		{382639B7-AA15-4667-9986-A8E0F36F68B6}.Debug|Any CPU.ActiveCfg = Debug|Any CPU
		{382639B7-AA15-4667-9986-A8E0F36F68B6}.Debug|Any CPU.Build.0 = Debug|Any CPU
		{382639B7-AA15-4667-9986-A8E0F36F68B6}.Release|Any CPU.ActiveCfg = Release|Any CPU
		{382639B7-AA15-4667-9986-A8E0F36F68B6}.Release|Any CPU.Build.0 = Release|Any CPU
		{0EE42885-AC4C-474A-85E3-E5E560EECEFD}.Debug|Any CPU.ActiveCfg = Debug|Any CPU
		{0EE42885-AC4C-474A-85E3-E5E560EECEFD}.Debug|Any CPU.Build.0 = Debug|Any CPU
		{0EE42885-AC4C-474A-85E3-E5E560EECEFD}.Release|Any CPU.ActiveCfg = Release|Any CPU
		{0EE42885-AC4C-474A-85E3-E5E560EECEFD}.Release|Any CPU.Build.0 = Release|Any CPU
	EndGlobalSection
	GlobalSection(SolutionProperties) = preSolution
		HideSolutionNode = FALSE
	EndGlobalSection
EndGlobal
